
Microsoft Visual Studio Solution File, Format Version 12.00
# Visual Studio Version 17
VisualStudioVersion = 17.11.35312.102
MinimumVisualStudioVersion = 10.0.40219.1
Project("{FAE04EC0-301F-11D3-BF4B-00C04F79EFBC}") = "LLMPipelineSamples", "LLMPipelineSamples\LLMPipelineSamples.csproj", "{9C15A164-99B9-47A2-9F6E-536825A34942}"
EndProject
Project("{2150E333-8FDC-42A3-9474-1A3956D46DE8}") = "Solution Items", "Solution Items", "{BA24D5EB-6219-4FB7-AF87-5654433DC5B3}"
	ProjectSection(SolutionItems) = preProject
		.editorconfig = .editorconfig
	EndProjectSection
EndProject
Global
	GlobalSection(SolutionConfigurationPlatforms) = preSolution
		Debug|Any CPU = Debug|Any CPU
		Release|Any CPU = Release|Any CPU
	EndGlobalSection
	GlobalSection(ProjectConfigurationPlatforms) = postSolution
		{9C15A164-99B9-47A2-9F6E-536825A34942}.Debug|Any CPU.ActiveCfg = Debug|Any CPU
		{9C15A164-99B9-47A2-9F6E-536825A34942}.Debug|Any CPU.Build.0 = Debug|Any CPU
		{9C15A164-99B9-47A2-9F6E-536825A34942}.Release|Any CPU.ActiveCfg = Release|Any CPU
		{9C15A164-99B9-47A2-9F6E-536825A34942}.Release|Any CPU.Build.0 = Release|Any CPU
	EndGlobalSection
	GlobalSection(SolutionProperties) = preSolution
		HideSolutionNode = FALSE
	EndGlobalSection
	GlobalSection(ExtensibilityGlobals) = postSolution
		SolutionGuid = {DF1FBC25-626A-4E69-B208-E5693551E1E9}
	EndGlobalSection
EndGlobal
